
Microsoft Visual Studio Solution File, Format Version 12.00
# Visual Studio Version 17
VisualStudioVersion = 17.8.34316.72
MinimumVisualStudioVersion = 10.0.40219.1
Project("{FAE04EC0-301F-11D3-BF4B-00C04F79EFBC}") = "Motorbike rental", "Motorbike rental\Motorbike rental.csproj", "{8017C108-3AD2-4F72-99C9-7A1553F84D2B}"
EndProject
Global
	GlobalSection(SolutionConfigurationPlatforms) = preSolution
		Debug|Any CPU = Debug|Any CPU
		Release|Any CPU = Release|Any CPU
	EndGlobalSection
	GlobalSection(ProjectConfigurationPlatforms) = postSolution
		{8017C108-3AD2-4F72-99C9-7A1553F84D2B}.Debug|Any CPU.ActiveCfg = Debug|Any CPU
		{8017C108-3AD2-4F72-99C9-7A1553F84D2B}.Debug|Any CPU.Build.0 = Debug|Any CPU
		{8017C108-3AD2-4F72-99C9-7A1553F84D2B}.Release|Any CPU.ActiveCfg = Release|Any CPU
		{8017C108-3AD2-4F72-99C9-7A1553F84D2B}.Release|Any CPU.Build.0 = Release|Any CPU
	EndGlobalSection
	GlobalSection(SolutionProperties) = preSolution
		HideSolutionNode = FALSE
	EndGlobalSection
	GlobalSection(ExtensibilityGlobals) = postSolution
		SolutionGuid = {B012B490-FE6A-4A74-9BE1-A835B99CFB93}
	EndGlobalSection
EndGlobal
